// !$*UTF8*$!
{
	archiveVersion = 1;
	classes = {
	};
	objectVersion = 51;
	objects = {

/* Begin PBXBuildFile section */
		FDE276CB220D678600E058F7 /* AppDelegate.swift in Sources */ = {isa = PBXBuildFile; fileRef = FDE276CA220D678600E058F7 /* AppDelegate.swift */; };
		FDE276D2220D678600E058F7 /* Assets.xcassets in Resources */ = {isa = PBXBuildFile; fileRef = FDE276D1220D678600E058F7 /* Assets.xcassets */; };
		FDE276D5220D678600E058F7 /* LaunchScreen.storyboard in Resources */ = {isa = PBXBuildFile; fileRef = FDE276D3220D678600E058F7 /* LaunchScreen.storyboard */; };
		FDE276E0220D678600E058F7 /* VynylChallengeTests.swift in Sources */ = {isa = PBXBuildFile; fileRef = FDE276DF220D678600E058F7 /* VynylChallengeTests.swift */; };
		FDE276EC220D67B700E058F7 /* ArrayFlattener.swift in Sources */ = {isa = PBXBuildFile; fileRef = FDE276EB220D67B700E058F7 /* ArrayFlattener.swift */; };
		FDE276EF220D703400E058F7 /* Main.storyboard in Resources */ = {isa = PBXBuildFile; fileRef = FDE276EE220D703400E058F7 /* Main.storyboard */; };
/* End PBXBuildFile section */

/* Begin PBXContainerItemProxy section */
		FDE276DC220D678600E058F7 /* PBXContainerItemProxy */ = {
			isa = PBXContainerItemProxy;
			containerPortal = FDE276BF220D678600E058F7 /* Project object */;
			proxyType = 1;
			remoteGlobalIDString = FDE276C6220D678600E058F7;
			remoteInfo = VynylChallenge;
		};
/* End PBXContainerItemProxy section */

/* Begin PBXFileReference section */
		FDE276C7220D678600E058F7 /* VynylChallenge.app */ = {isa = PBXFileReference; explicitFileType = wrapper.application; includeInIndex = 0; path = VynylChallenge.app; sourceTree = BUILT_PRODUCTS_DIR; };
		FDE276CA220D678600E058F7 /* AppDelegate.swift */ = {isa = PBXFileReference; lastKnownFileType = sourcecode.swift; path = AppDelegate.swift; sourceTree = "<group>"; };
		FDE276D1220D678600E058F7 /* Assets.xcassets */ = {isa = PBXFileReference; lastKnownFileType = folder.assetcatalog; path = Assets.xcassets; sourceTree = "<group>"; };
		FDE276D4220D678600E058F7 /* Base */ = {isa = PBXFileReference; lastKnownFileType = file.storyboard; name = Base; path = Base.lproj/LaunchScreen.storyboard; sourceTree = "<group>"; };
		FDE276D6220D678600E058F7 /* Info.plist */ = {isa = PBXFileReference; lastKnownFileType = text.plist.xml; path = Info.plist; sourceTree = "<group>"; };
		FDE276DB220D678600E058F7 /* VynylChallengeTests.xctest */ = {isa = PBXFileReference; explicitFileType = wrapper.cfbundle; includeInIndex = 0; path = VynylChallengeTests.xctest; sourceTree = BUILT_PRODUCTS_DIR; };
		FDE276DF220D678600E058F7 /* VynylChallengeTests.swift */ = {isa = PBXFileReference; lastKnownFileType = sourcecode.swift; path = VynylChallengeTests.swift; sourceTree = "<group>"; };
		FDE276E1220D678600E058F7 /* Info.plist */ = {isa = PBXFileReference; lastKnownFileType = text.plist.xml; path = Info.plist; sourceTree = "<group>"; };
		FDE276EB220D67B700E058F7 /* ArrayFlattener.swift */ = {isa = PBXFileReference; lastKnownFileType = sourcecode.swift; path = ArrayFlattener.swift; sourceTree = "<group>"; };
		FDE276EE220D703400E058F7 /* Main.storyboard */ = {isa = PBXFileReference; fileEncoding = 4; lastKnownFileType = file.storyboard; path = Main.storyboard; sourceTree = "<group>"; };
/* End PBXFileReference section */

/* Begin PBXFrameworksBuildPhase section */
		FDE276C4220D678600E058F7 /* Frameworks */ = {
			isa = PBXFrameworksBuildPhase;
			buildActionMask = 2147483647;
			files = (
			);
			runOnlyForDeploymentPostprocessing = 0;
		};
		FDE276D8220D678600E058F7 /* Frameworks */ = {
			isa = PBXFrameworksBuildPhase;
			buildActionMask = 2147483647;
			files = (
			);
			runOnlyForDeploymentPostprocessing = 0;
		};
/* End PBXFrameworksBuildPhase section */

/* Begin PBXGroup section */
		FDE276BE220D678600E058F7 = {
			isa = PBXGroup;
			children = (
				FDE276C9220D678600E058F7 /* VynylChallenge */,
				FDE276DE220D678600E058F7 /* VynylChallengeTests */,
				FDE276C8220D678600E058F7 /* Products */,
			);
			sourceTree = "<group>";
		};
		FDE276C8220D678600E058F7 /* Products */ = {
			isa = PBXGroup;
			children = (
				FDE276C7220D678600E058F7 /* VynylChallenge.app */,
				FDE276DB220D678600E058F7 /* VynylChallengeTests.xctest */,
			);
			name = Products;
			sourceTree = "<group>";
		};
		FDE276C9220D678600E058F7 /* VynylChallenge */ = {
			isa = PBXGroup;
			children = (
				FDE276CA220D678600E058F7 /* AppDelegate.swift */,
				FDE276D1220D678600E058F7 /* Assets.xcassets */,
				FDE276EE220D703400E058F7 /* Main.storyboard */,
				FDE276D3220D678600E058F7 /* LaunchScreen.storyboard */,
				FDE276D6220D678600E058F7 /* Info.plist */,
				FDE276EB220D67B700E058F7 /* ArrayFlattener.swift */,
			);
			path = VynylChallenge;
			sourceTree = "<group>";
		};
		FDE276DE220D678600E058F7 /* VynylChallengeTests */ = {
			isa = PBXGroup;
			children = (
				FDE276DF220D678600E058F7 /* VynylChallengeTests.swift */,
				FDE276E1220D678600E058F7 /* Info.plist */,
			);
			path = VynylChallengeTests;
			sourceTree = "<group>";
		};
/* End PBXGroup section */

/* Begin PBXNativeTarget section */
		FDE276C6220D678600E058F7 /* VynylChallenge */ = {
			isa = PBXNativeTarget;
			buildConfigurationList = FDE276E4220D678600E058F7 /* Build configuration list for PBXNativeTarget "VynylChallenge" */;
			buildPhases = (
				FDE276C3220D678600E058F7 /* Sources */,
				FDE276C4220D678600E058F7 /* Frameworks */,
				FDE276C5220D678600E058F7 /* Resources */,
			);
			buildRules = (
			);
			dependencies = (
			);
			name = VynylChallenge;
			productName = VynylChallenge;
			productReference = FDE276C7220D678600E058F7 /* VynylChallenge.app */;
			productType = "com.apple.product-type.application";
		};
		FDE276DA220D678600E058F7 /* VynylChallengeTests */ = {
			isa = PBXNativeTarget;
			buildConfigurationList = FDE276E7220D678600E058F7 /* Build configuration list for PBXNativeTarget "VynylChallengeTests" */;
			buildPhases = (
				FDE276D7220D678600E058F7 /* Sources */,
				FDE276D8220D678600E058F7 /* Frameworks */,
				FDE276D9220D678600E058F7 /* Resources */,
			);
			buildRules = (
			);
			dependencies = (
				FDE276DD220D678600E058F7 /* PBXTargetDependency */,
			);
			name = VynylChallengeTests;
			productName = VynylChallengeTests;
			productReference = FDE276DB220D678600E058F7 /* VynylChallengeTests.xctest */;
			productType = "com.apple.product-type.bundle.unit-test";
		};
/* End PBXNativeTarget section */

/* Begin PBXProject section */
		FDE276BF220D678600E058F7 /* Project object */ = {
			isa = PBXProject;
			attributes = {
				LastSwiftUpdateCheck = 1010;
				LastUpgradeCheck = 1010;
				ORGANIZATIONNAME = "Christian McMullin";
				TargetAttributes = {
					FDE276C6220D678600E058F7 = {
						CreatedOnToolsVersion = 10.1;
					};
					FDE276DA220D678600E058F7 = {
						CreatedOnToolsVersion = 10.1;
						TestTargetID = FDE276C6220D678600E058F7;
					};
				};
			};
			buildConfigurationList = FDE276C2220D678600E058F7 /* Build configuration list for PBXProject "VynylChallenge" */;
			compatibilityVersion = "Xcode 10.0";
			developmentRegion = en;
			hasScannedForEncodings = 0;
			knownRegions = (
				en,
				Base,
			);
			mainGroup = FDE276BE220D678600E058F7;
			productRefGroup = FDE276C8220D678600E058F7 /* Products */;
			projectDirPath = "";
			projectRoot = "";
			targets = (
				FDE276C6220D678600E058F7 /* VynylChallenge */,
				FDE276DA220D678600E058F7 /* VynylChallengeTests */,
			);
		};
/* End PBXProject section */

/* Begin PBXResourcesBuildPhase section */
		FDE276C5220D678600E058F7 /* Resources */ = {
			isa = PBXResourcesBuildPhase;
			buildActionMask = 2147483647;
			files = (
				FDE276EF220D703400E058F7 /* Main.storyboard in Resources */,
				FDE276D5220D678600E058F7 /* LaunchScreen.storyboard in Resources */,
				FDE276D2220D678600E058F7 /* Assets.xcassets in Resources */,
			);
			runOnlyForDeploymentPostprocessing = 0;
		};
		FDE276D9220D678600E058F7 /* Resources */ = {
			isa = PBXResourcesBuildPhase;
			buildActionMask = 2147483647;
			files = (
			);
			runOnlyForDeploymentPostprocessing = 0;
		};
/* End PBXResourcesBuildPhase section */

/* Begin PBXSourcesBuildPhase section */
		FDE276C3220D678600E058F7 /* Sources */ = {
			isa = PBXSourcesBuildPhase;
			buildActionMask = 2147483647;
			files = (
				FDE276EC220D67B700E058F7 /* ArrayFlattener.swift in Sources */,
				FDE276CB220D678600E058F7 /* AppDelegate.swift in Sources */,
			);
			runOnlyForDeploymentPostprocessing = 0;
		};
		FDE276D7220D678600E058F7 /* Sources */ = {
			isa = PBXSourcesBuildPhase;
			buildActionMask = 2147483647;
			files = (
				FDE276E0220D678600E058F7 /* VynylChallengeTests.swift in Sources */,
			);
			runOnlyForDeploymentPostprocessing = 0;
		};
/* End PBXSourcesBuildPhase section */

/* Begin PBXTargetDependency section */
		FDE276DD220D678600E058F7 /* PBXTargetDependency */ = {
			isa = PBXTargetDependency;
			target = FDE276C6220D678600E058F7 /* VynylChallenge */;
			targetProxy = FDE276DC220D678600E058F7 /* PBXContainerItemProxy */;
		};
/* End PBXTargetDependency section */

/* Begin PBXVariantGroup section */
		FDE276D3220D678600E058F7 /* LaunchScreen.storyboard */ = {
			isa = PBXVariantGroup;
			children = (
				FDE276D4220D678600E058F7 /* Base */,
			);
			name = LaunchScreen.storyboard;
			sourceTree = "<group>";
		};
/* End PBXVariantGroup section */

/* Begin XCBuildConfiguration section */
		FDE276E2220D678600E058F7 /* Debug */ = {
			isa = XCBuildConfiguration;
			buildSettings = {
				ALWAYS_SEARCH_USER_PATHS = NO;
				CLANG_ANALYZER_NONNULL = YES;
				CLANG_ANALYZER_NUMBER_OBJECT_CONVERSION = YES_AGGRESSIVE;
				CLANG_CXX_LANGUAGE_STANDARD = "gnu++14";
				CLANG_CXX_LIBRARY = "libc++";
				CLANG_ENABLE_MODULES = YES;
				CLANG_ENABLE_OBJC_ARC = YES;
				CLANG_ENABLE_OBJC_WEAK = YES;
				CLANG_WARN_BLOCK_CAPTURE_AUTORELEASING = YES;
				CLANG_WARN_BOOL_CONVERSION = YES;
				CLANG_WARN_COMMA = YES;
				CLANG_WARN_CONSTANT_CONVERSION = YES;
				CLANG_WARN_DEPRECATED_OBJC_IMPLEMENTATIONS = YES;
				CLANG_WARN_DIRECT_OBJC_ISA_USAGE = YES_ERROR;
				CLANG_WARN_DOCUMENTATION_COMMENTS = YES;
				CLANG_WARN_EMPTY_BODY = YES;
				CLANG_WARN_ENUM_CONVERSION = YES;
				CLANG_WARN_INFINITE_RECURSION = YES;
				CLANG_WARN_INT_CONVERSION = YES;
				CLANG_WARN_NON_LITERAL_NULL_CONVERSION = YES;
				CLANG_WARN_OBJC_IMPLICIT_RETAIN_SELF = YES;
				CLANG_WARN_OBJC_LITERAL_CONVERSION = YES;
				CLANG_WARN_OBJC_ROOT_CLASS = YES_ERROR;
				CLANG_WARN_RANGE_LOOP_ANALYSIS = YES;
				CLANG_WARN_STRICT_PROTOTYPES = YES;
				CLANG_WARN_SUSPICIOUS_MOVE = YES;
				CLANG_WARN_UNGUARDED_AVAILABILITY = YES_AGGRESSIVE;
				CLANG_WARN_UNREACHABLE_CODE = YES;
				CLANG_WARN__DUPLICATE_METHOD_MATCH = YES;
				CODE_SIGN_IDENTITY = "iPhone Developer";
				COPY_PHASE_STRIP = NO;
				DEBUG_INFORMATION_FORMAT = dwarf;
				ENABLE_STRICT_OBJC_MSGSEND = YES;
				ENABLE_TESTABILITY = YES;
				GCC_C_LANGUAGE_STANDARD = gnu11;
				GCC_DYNAMIC_NO_PIC = NO;
				GCC_NO_COMMON_BLOCKS = YES;
				GCC_OPTIMIZATION_LEVEL = 0;
				GCC_PREPROCESSOR_DEFINITIONS = (
					"DEBUG=1",
					"$(inherited)",
				);
				GCC_WARN_64_TO_32_BIT_CONVERSION = YES;
				GCC_WARN_ABOUT_RETURN_TYPE = YES_ERROR;
				GCC_WARN_UNDECLARED_SELECTOR = YES;
				GCC_WARN_UNINITIALIZED_AUTOS = YES_AGGRESSIVE;
				GCC_WARN_UNUSED_FUNCTION = YES;
				GCC_WARN_UNUSED_VARIABLE = YES;
				IPHONEOS_DEPLOYMENT_TARGET = 12.1;
				MTL_ENABLE_DEBUG_INFO = INCLUDE_SOURCE;
				MTL_FAST_MATH = YES;
				ONLY_ACTIVE_ARCH = YES;
				SDKROOT = iphoneos;
				SWIFT_ACTIVE_COMPILATION_CONDITIONS = DEBUG;
				SWIFT_OPTIMIZATION_LEVEL = "-Onone";
			};
			name = Debug;
		};
		FDE276E3220D678600E058F7 /* Release */ = {
			isa = XCBuildConfiguration;
			buildSettings = {
				ALWAYS_SEARCH_USER_PATHS = NO;
				CLANG_ANALYZER_NONNULL = YES;
				CLANG_ANALYZER_NUMBER_OBJECT_CONVERSION = YES_AGGRESSIVE;
				CLANG_CXX_LANGUAGE_STANDARD = "gnu++14";
				CLANG_CXX_LIBRARY = "libc++";
				CLANG_ENABLE_MODULES = YES;
				CLANG_ENABLE_OBJC_ARC = YES;
				CLANG_ENABLE_OBJC_WEAK = YES;
				CLANG_WARN_BLOCK_CAPTURE_AUTORELEASING = YES;
				CLANG_WARN_BOOL_CONVERSION = YES;
				CLANG_WARN_COMMA = YES;
				CLANG_WARN_CONSTANT_CONVERSION = YES;
				CLANG_WARN_DEPRECATED_OBJC_IMPLEMENTATIONS = YES;
				CLANG_WARN_DIRECT_OBJC_ISA_USAGE = YES_ERROR;
				CLANG_WARN_DOCUMENTATION_COMMENTS = YES;
				CLANG_WARN_EMPTY_BODY = YES;
				CLANG_WARN_ENUM_CONVERSION = YES;
				CLANG_WARN_INFINITE_RECURSION = YES;
				CLANG_WARN_INT_CONVERSION = YES;
				CLANG_WARN_NON_LITERAL_NULL_CONVERSION = YES;
				CLANG_WARN_OBJC_IMPLICIT_RETAIN_SELF = YES;
				CLANG_WARN_OBJC_LITERAL_CONVERSION = YES;
				CLANG_WARN_OBJC_ROOT_CLASS = YES_ERROR;
				CLANG_WARN_RANGE_LOOP_ANALYSIS = YES;
				CLANG_WARN_STRICT_PROTOTYPES = YES;
				CLANG_WARN_SUSPICIOUS_MOVE = YES;
				CLANG_WARN_UNGUARDED_AVAILABILITY = YES_AGGRESSIVE;
				CLANG_WARN_UNREACHABLE_CODE = YES;
				CLANG_WARN__DUPLICATE_METHOD_MATCH = YES;
				CODE_SIGN_IDENTITY = "iPhone Developer";
				COPY_PHASE_STRIP = NO;
				DEBUG_INFORMATION_FORMAT = "dwarf-with-dsym";
				ENABLE_NS_ASSERTIONS = NO;
				ENABLE_STRICT_OBJC_MSGSEND = YES;
				GCC_C_LANGUAGE_STANDARD = gnu11;
				GCC_NO_COMMON_BLOCKS = YES;
				GCC_WARN_64_TO_32_BIT_CONVERSION = YES;
				GCC_WARN_ABOUT_RETURN_TYPE = YES_ERROR;
				GCC_WARN_UNDECLARED_SELECTOR = YES;
				GCC_WARN_UNINITIALIZED_AUTOS = YES_AGGRESSIVE;
				GCC_WARN_UNUSED_FUNCTION = YES;
				GCC_WARN_UNUSED_VARIABLE = YES;
				IPHONEOS_DEPLOYMENT_TARGET = 12.1;
				MTL_ENABLE_DEBUG_INFO = NO;
				MTL_FAST_MATH = YES;
				SDKROOT = iphoneos;
				SWIFT_COMPILATION_MODE = wholemodule;
				SWIFT_OPTIMIZATION_LEVEL = "-O";
				VALIDATE_PRODUCT = YES;
			};
			name = Release;
		};
		FDE276E5220D678600E058F7 /* Debug */ = {
			isa = XCBuildConfiguration;
			buildSettings = {
				ASSETCATALOG_COMPILER_APPICON_NAME = AppIcon;
				CODE_SIGN_STYLE = Automatic;
				DEVELOPMENT_TEAM = 9Q8KVW72F5;
				INFOPLIST_FILE = VynylChallenge/Info.plist;
				LD_RUNPATH_SEARCH_PATHS = (
					"$(inherited)",
					"@executable_path/Frameworks",
				);
				PRODUCT_BUNDLE_IDENTIFIER = com.ChristianMcMullin.VynylChallenge;
				PRODUCT_NAME = "$(TARGET_NAME)";
				SWIFT_VERSION = 4.2;
				TARGETED_DEVICE_FAMILY = "1,2";
			};
			name = Debug;
		};
		FDE276E6220D678600E058F7 /* Release */ = {
			isa = XCBuildConfiguration;
			buildSettings = {
				ASSETCATALOG_COMPILER_APPICON_NAME = AppIcon;
				CODE_SIGN_STYLE = Automatic;
				DEVELOPMENT_TEAM = 9Q8KVW72F5;
				INFOPLIST_FILE = VynylChallenge/Info.plist;
				LD_RUNPATH_SEARCH_PATHS = (
					"$(inherited)",
					"@executable_path/Frameworks",
				);
				PRODUCT_BUNDLE_IDENTIFIER = com.ChristianMcMullin.VynylChallenge;
				PRODUCT_NAME = "$(TARGET_NAME)";
				SWIFT_VERSION = 4.2;
				TARGETED_DEVICE_FAMILY = "1,2";
			};
			name = Release;
		};
		FDE276E8220D678600E058F7 /* Debug */ = {
			isa = XCBuildConfiguration;
			buildSettings = {
				ALWAYS_EMBED_SWIFT_STANDARD_LIBRARIES = YES;
				BUNDLE_LOADER = "$(TEST_HOST)";
				CODE_SIGN_STYLE = Automatic;
				DEVELOPMENT_TEAM = 9Q8KVW72F5;
				INFOPLIST_FILE = VynylChallengeTests/Info.plist;
				LD_RUNPATH_SEARCH_PATHS = (
					"$(inherited)",
					"@executable_path/Frameworks",
					"@loader_path/Frameworks",
				);
				PRODUCT_BUNDLE_IDENTIFIER = com.ChristianMcMullin.VynylChallengeTests;
				PRODUCT_NAME = "$(TARGET_NAME)";
				SWIFT_VERSION = 4.2;
				TARGETED_DEVICE_FAMILY = "1,2";
				TEST_HOST = "$(BUILT_PRODUCTS_DIR)/VynylChallenge.app/VynylChallenge";
			};
			name = Debug;
		};
		FDE276E9220D678600E058F7 /* Release */ = {
			isa = XCBuildConfiguration;
			buildSettings = {
				ALWAYS_EMBED_SWIFT_STANDARD_LIBRARIES = YES;
				BUNDLE_LOADER = "$(TEST_HOST)";
				CODE_SIGN_STYLE = Automatic;
				DEVELOPMENT_TEAM = 9Q8KVW72F5;
				INFOPLIST_FILE = VynylChallengeTests/Info.plist;
				LD_RUNPATH_SEARCH_PATHS = (
					"$(inherited)",
					"@executable_path/Frameworks",
					"@loader_path/Frameworks",
				);
				PRODUCT_BUNDLE_IDENTIFIER = com.ChristianMcMullin.VynylChallengeTests;
				PRODUCT_NAME = "$(TARGET_NAME)";
				SWIFT_VERSION = 4.2;
				TARGETED_DEVICE_FAMILY = "1,2";
				TEST_HOST = "$(BUILT_PRODUCTS_DIR)/VynylChallenge.app/VynylChallenge";
			};
			name = Release;
		};
/* End XCBuildConfiguration section */

/* Begin XCConfigurationList section */
		FDE276C2220D678600E058F7 /* Build configuration list for PBXProject "VynylChallenge" */ = {
			isa = XCConfigurationList;
			buildConfigurations = (
				FDE276E2220D678600E058F7 /* Debug */,
				FDE276E3220D678600E058F7 /* Release */,
			);
			defaultConfigurationIsVisible = 0;
			defaultConfigurationName = Release;
		};
		FDE276E4220D678600E058F7 /* Build configuration list for PBXNativeTarget "VynylChallenge" */ = {
			isa = XCConfigurationList;
			buildConfigurations = (
				FDE276E5220D678600E058F7 /* Debug */,
				FDE276E6220D678600E058F7 /* Release */,
			);
			defaultConfigurationIsVisible = 0;
			defaultConfigurationName = Release;
		};
		FDE276E7220D678600E058F7 /* Build configuration list for PBXNativeTarget "VynylChallengeTests" */ = {
			isa = XCConfigurationList;
			buildConfigurations = (
				FDE276E8220D678600E058F7 /* Debug */,
				FDE276E9220D678600E058F7 /* Release */,
			);
			defaultConfigurationIsVisible = 0;
			defaultConfigurationName = Release;
		};
/* End XCConfigurationList section */
	};
	rootObject = FDE276BF220D678600E058F7 /* Project object */;
}
